
Microsoft Visual Studio Solution File, Format Version 12.00
# Visual Studio Version 16
VisualStudioVersion = 16.0.30717.126
MinimumVisualStudioVersion = 10.0.40219.1
Project("{FAE04EC0-301F-11D3-BF4B-00C04F79EFBC}") = "alivery", "alivery\alivery.csproj", "{22A35F19-478B-488C-87EB-742362029A03}"
EndProject
Project("{9A19103F-16F7-4668-BE54-9A1E7A4F7556}") = "DbConfiguration", "DbConfiguration\DbConfiguration.csproj", "{EF65168E-A6FC-4773-9DC4-683F7591B39F}"
EndProject
Project("{9A19103F-16F7-4668-BE54-9A1E7A4F7556}") = "SqliteDatabase", "SqliteDatabase\SqliteDatabase.csproj", "{ABF6BA51-6AE7-47D7-8C63-906807891765}"
EndProject
Project("{9A19103F-16F7-4668-BE54-9A1E7A4F7556}") = "Alivery.DbConfiguration", "Alivery.DbConfiguration\Alivery.DbConfiguration.csproj", "{A00FCF9E-6731-4769-B2B2-25F92EDF42E0}"
EndProject
Project("{FAE04EC0-301F-11D3-BF4B-00C04F79EFBC}") = "Alivery.Net", "Alivery.Net\Alivery.Net.csproj", "{8258C73A-0C0B-46B8-8EA1-A2A4910341FF}"
EndProject
Project("{FAE04EC0-301F-11D3-BF4B-00C04F79EFBC}") = "Alivery.Db", "Alivery.Db\Alivery.Db.csproj", "{ED4099F0-C99C-401C-8128-F7046BFF1306}"
EndProject
Project("{9A19103F-16F7-4668-BE54-9A1E7A4F7556}") = "Alivery.MessageService", "Alivery.MessageService\Alivery.MessageService.csproj", "{BF59769B-E2E6-4E08-9E1B-353D5938450E}"
EndProject
Project("{9A19103F-16F7-4668-BE54-9A1E7A4F7556}") = "SQLiteLogger", "SQliteLogger\SQLiteLogger.csproj", "{5343C2C1-14DF-4980-B115-4C9E0BB8B505}"
EndProject
Project("{9A19103F-16F7-4668-BE54-9A1E7A4F7556}") = "SqlBase", "SqlBase\SqlBase.csproj", "{032DBFC4-AAE8-4968-B81A-99A4569B56BC}"
EndProject
Project("{FAE04EC0-301F-11D3-BF4B-00C04F79EFBC}") = "Utils", "Utils\Utils.csproj", "{5F80EADF-F61C-4618-8B43-499D99C38353}"
EndProject
Global
	GlobalSection(SolutionConfigurationPlatforms) = preSolution
		Debug|Any CPU = Debug|Any CPU
		Release|Any CPU = Release|Any CPU
	EndGlobalSection
	GlobalSection(ProjectConfigurationPlatforms) = postSolution
		{22A35F19-478B-488C-87EB-742362029A03}.Debug|Any CPU.ActiveCfg = Debug|Any CPU
		{22A35F19-478B-488C-87EB-742362029A03}.Debug|Any CPU.Build.0 = Debug|Any CPU
		{22A35F19-478B-488C-87EB-742362029A03}.Release|Any CPU.ActiveCfg = Release|Any CPU
		{22A35F19-478B-488C-87EB-742362029A03}.Release|Any CPU.Build.0 = Release|Any CPU
		{EF65168E-A6FC-4773-9DC4-683F7591B39F}.Debug|Any CPU.ActiveCfg = Debug|Any CPU
		{EF65168E-A6FC-4773-9DC4-683F7591B39F}.Debug|Any CPU.Build.0 = Debug|Any CPU
		{EF65168E-A6FC-4773-9DC4-683F7591B39F}.Release|Any CPU.ActiveCfg = Release|Any CPU
		{EF65168E-A6FC-4773-9DC4-683F7591B39F}.Release|Any CPU.Build.0 = Release|Any CPU
		{ABF6BA51-6AE7-47D7-8C63-906807891765}.Debug|Any CPU.ActiveCfg = Debug|Any CPU
		{ABF6BA51-6AE7-47D7-8C63-906807891765}.Debug|Any CPU.Build.0 = Debug|Any CPU
		{ABF6BA51-6AE7-47D7-8C63-906807891765}.Release|Any CPU.ActiveCfg = Release|Any CPU
		{ABF6BA51-6AE7-47D7-8C63-906807891765}.Release|Any CPU.Build.0 = Release|Any CPU
		{A00FCF9E-6731-4769-B2B2-25F92EDF42E0}.Debug|Any CPU.ActiveCfg = Debug|Any CPU
		{A00FCF9E-6731-4769-B2B2-25F92EDF42E0}.Debug|Any CPU.Build.0 = Debug|Any CPU
		{A00FCF9E-6731-4769-B2B2-25F92EDF42E0}.Release|Any CPU.ActiveCfg = Release|Any CPU
		{A00FCF9E-6731-4769-B2B2-25F92EDF42E0}.Release|Any CPU.Build.0 = Release|Any CPU
		{8258C73A-0C0B-46B8-8EA1-A2A4910341FF}.Debug|Any CPU.ActiveCfg = Debug|Any CPU
		{8258C73A-0C0B-46B8-8EA1-A2A4910341FF}.Debug|Any CPU.Build.0 = Debug|Any CPU
		{8258C73A-0C0B-46B8-8EA1-A2A4910341FF}.Release|Any CPU.ActiveCfg = Release|Any CPU
		{8258C73A-0C0B-46B8-8EA1-A2A4910341FF}.Release|Any CPU.Build.0 = Release|Any CPU
		{ED4099F0-C99C-401C-8128-F7046BFF1306}.Debug|Any CPU.ActiveCfg = Debug|Any CPU
		{ED4099F0-C99C-401C-8128-F7046BFF1306}.Debug|Any CPU.Build.0 = Debug|Any CPU
		{ED4099F0-C99C-401C-8128-F7046BFF1306}.Release|Any CPU.ActiveCfg = Release|Any CPU
		{ED4099F0-C99C-401C-8128-F7046BFF1306}.Release|Any CPU.Build.0 = Release|Any CPU
		{BF59769B-E2E6-4E08-9E1B-353D5938450E}.Debug|Any CPU.ActiveCfg = Debug|Any CPU
		{BF59769B-E2E6-4E08-9E1B-353D5938450E}.Debug|Any CPU.Build.0 = Debug|Any CPU
		{BF59769B-E2E6-4E08-9E1B-353D5938450E}.Release|Any CPU.ActiveCfg = Release|Any CPU
		{BF59769B-E2E6-4E08-9E1B-353D5938450E}.Release|Any CPU.Build.0 = Release|Any CPU
		{5343C2C1-14DF-4980-B115-4C9E0BB8B505}.Debug|Any CPU.ActiveCfg = Debug|Any CPU
		{5343C2C1-14DF-4980-B115-4C9E0BB8B505}.Debug|Any CPU.Build.0 = Debug|Any CPU
		{5343C2C1-14DF-4980-B115-4C9E0BB8B505}.Release|Any CPU.ActiveCfg = Release|Any CPU
		{5343C2C1-14DF-4980-B115-4C9E0BB8B505}.Release|Any CPU.Build.0 = Release|Any CPU
		{032DBFC4-AAE8-4968-B81A-99A4569B56BC}.Debug|Any CPU.ActiveCfg = Debug|Any CPU
		{032DBFC4-AAE8-4968-B81A-99A4569B56BC}.Debug|Any CPU.Build.0 = Debug|Any CPU
		{032DBFC4-AAE8-4968-B81A-99A4569B56BC}.Release|Any CPU.ActiveCfg = Release|Any CPU
		{032DBFC4-AAE8-4968-B81A-99A4569B56BC}.Release|Any CPU.Build.0 = Release|Any CPU
		{5F80EADF-F61C-4618-8B43-499D99C38353}.Debug|Any CPU.ActiveCfg = Debug|Any CPU
		{5F80EADF-F61C-4618-8B43-499D99C38353}.Debug|Any CPU.Build.0 = Debug|Any CPU
		{5F80EADF-F61C-4618-8B43-499D99C38353}.Release|Any CPU.ActiveCfg = Release|Any CPU
		{5F80EADF-F61C-4618-8B43-499D99C38353}.Release|Any CPU.Build.0 = Release|Any CPU
	EndGlobalSection
	GlobalSection(SolutionProperties) = preSolution
		HideSolutionNode = FALSE
	EndGlobalSection
	GlobalSection(ExtensibilityGlobals) = postSolution
		SolutionGuid = {DF810C73-887B-4840-ABF6-06FBBE8C3EE2}
	EndGlobalSection
EndGlobal
